
Microsoft Visual Studio Solution File, Format Version 12.00
# Visual Studio 14
VisualStudioVersion = 14.0.25420.1
MinimumVisualStudioVersion = 10.0.40219.1
Project("{FAE04EC0-301F-11D3-BF4B-00C04F79EFBC}") = "Risk", "WpfApplication1\Risk.csproj", "{B6D39347-F211-4D63-9606-C0B99EDE41F7}"
EndProject
Project("{FAE04EC0-301F-11D3-BF4B-00C04F79EFBC}") = "Model", "Model\Model.csproj", "{260D4A84-9321-4440-AF37-FC8344C15FF5}"
EndProject
Global
	GlobalSection(SolutionConfigurationPlatforms) = preSolution
		Debug|Any CPU = Debug|Any CPU
		Release|Any CPU = Release|Any CPU
	EndGlobalSection
	GlobalSection(ProjectConfigurationPlatforms) = postSolution
		{B6D39347-F211-4D63-9606-C0B99EDE41F7}.Debug|Any CPU.ActiveCfg = Debug|Any CPU
		{B6D39347-F211-4D63-9606-C0B99EDE41F7}.Debug|Any CPU.Build.0 = Debug|Any CPU
		{B6D39347-F211-4D63-9606-C0B99EDE41F7}.Release|Any CPU.ActiveCfg = Release|Any CPU
		{B6D39347-F211-4D63-9606-C0B99EDE41F7}.Release|Any CPU.Build.0 = Release|Any CPU
		{260D4A84-9321-4440-AF37-FC8344C15FF5}.Debug|Any CPU.ActiveCfg = Debug|Any CPU
		{260D4A84-9321-4440-AF37-FC8344C15FF5}.Debug|Any CPU.Build.0 = Debug|Any CPU
		{260D4A84-9321-4440-AF37-FC8344C15FF5}.Release|Any CPU.ActiveCfg = Release|Any CPU
		{260D4A84-9321-4440-AF37-FC8344C15FF5}.Release|Any CPU.Build.0 = Release|Any CPU
	EndGlobalSection
	GlobalSection(SolutionProperties) = preSolution
		HideSolutionNode = FALSE
	EndGlobalSection
EndGlobal
